
Microsoft Visual Studio Solution File, Format Version 12.00
# Visual Studio Version 16
VisualStudioVersion = 16.0.30114.105
MinimumVisualStudioVersion = 10.0.40219.1
Project("{FAE04EC0-301F-11D3-BF4B-00C04F79EFBC}") = "VehicleBiz.VehicleApp.Api", "VehicleBiz.VehicleApp.Api\VehicleBiz.VehicleApp.Api.csproj", "{CC71893A-D2BF-4FC8-AEE3-721848B0F976}"
EndProject
Project("{FAE04EC0-301F-11D3-BF4B-00C04F79EFBC}") = "VehicleBiz.VehicleApp.UnitTests", "VehicleBiz.VehicleApp.UnitTests\VehicleBiz.VehicleApp.UnitTests.csproj", "{4C666591-89D4-421A-9206-D9EBCAAE07F0}"
EndProject
Global
	GlobalSection(SolutionConfigurationPlatforms) = preSolution
		Debug|Any CPU = Debug|Any CPU
		Release|Any CPU = Release|Any CPU
	EndGlobalSection
	GlobalSection(SolutionProperties) = preSolution
		HideSolutionNode = FALSE
	EndGlobalSection
	GlobalSection(ProjectConfigurationPlatforms) = postSolution
		{CC71893A-D2BF-4FC8-AEE3-721848B0F976}.Debug|Any CPU.ActiveCfg = Debug|Any CPU
		{CC71893A-D2BF-4FC8-AEE3-721848B0F976}.Debug|Any CPU.Build.0 = Debug|Any CPU
		{CC71893A-D2BF-4FC8-AEE3-721848B0F976}.Release|Any CPU.ActiveCfg = Release|Any CPU
		{CC71893A-D2BF-4FC8-AEE3-721848B0F976}.Release|Any CPU.Build.0 = Release|Any CPU
		{4C666591-89D4-421A-9206-D9EBCAAE07F0}.Debug|Any CPU.ActiveCfg = Debug|Any CPU
		{4C666591-89D4-421A-9206-D9EBCAAE07F0}.Debug|Any CPU.Build.0 = Debug|Any CPU
		{4C666591-89D4-421A-9206-D9EBCAAE07F0}.Release|Any CPU.ActiveCfg = Release|Any CPU
		{4C666591-89D4-421A-9206-D9EBCAAE07F0}.Release|Any CPU.Build.0 = Release|Any CPU
	EndGlobalSection
EndGlobal
